// !$*UTF8*$!
{
	archiveVersion = 1;
	classes = {
	};
	objectVersion = 50;
	objects = {

/* Begin PBXBuildFile section */
		5DBB70AF251B58CB0081013F /* AppDelegate.swift in Sources */ = {isa = PBXBuildFile; fileRef = 5DBB70AE251B58CB0081013F /* AppDelegate.swift */; };
		5DBB70B1251B58CB0081013F /* SceneDelegate.swift in Sources */ = {isa = PBXBuildFile; fileRef = 5DBB70B0251B58CB0081013F /* SceneDelegate.swift */; };
		5DBB70B3251B58CB0081013F /* ViewController.swift in Sources */ = {isa = PBXBuildFile; fileRef = 5DBB70B2251B58CB0081013F /* ViewController.swift */; };
		5DBB70B6251B58CB0081013F /* Main.storyboard in Resources */ = {isa = PBXBuildFile; fileRef = 5DBB70B4251B58CB0081013F /* Main.storyboard */; };
		5DBB70B8251B58D50081013F /* Assets.xcassets in Resources */ = {isa = PBXBuildFile; fileRef = 5DBB70B7251B58D50081013F /* Assets.xcassets */; };
		5DBB70BB251B58D50081013F /* LaunchScreen.storyboard in Resources */ = {isa = PBXBuildFile; fileRef = 5DBB70B9251B58D50081013F /* LaunchScreen.storyboard */; };
		5DBB70C6251B58D50081013F /* TechtaGram2Tests.swift in Sources */ = {isa = PBXBuildFile; fileRef = 5DBB70C5251B58D50081013F /* TechtaGram2Tests.swift */; };
		5DBB70D1251B58D50081013F /* TechtaGram2UITests.swift in Sources */ = {isa = PBXBuildFile; fileRef = 5DBB70D0251B58D50081013F /* TechtaGram2UITests.swift */; };
/* End PBXBuildFile section */

/* Begin PBXContainerItemProxy section */
		5DBB70C2251B58D50081013F /* PBXContainerItemProxy */ = {
			isa = PBXContainerItemProxy;
			containerPortal = 5DBB70A3251B58CB0081013F /* Project object */;
			proxyType = 1;
			remoteGlobalIDString = 5DBB70AA251B58CB0081013F;
			remoteInfo = TechtaGram2;
		};
		5DBB70CD251B58D50081013F /* PBXContainerItemProxy */ = {
			isa = PBXContainerItemProxy;
			containerPortal = 5DBB70A3251B58CB0081013F /* Project object */;
			proxyType = 1;
			remoteGlobalIDString = 5DBB70AA251B58CB0081013F;
			remoteInfo = TechtaGram2;
		};
/* End PBXContainerItemProxy section */

/* Begin PBXFileReference section */
		5DBB70AB251B58CB0081013F /* TechtaGram2.app */ = {isa = PBXFileReference; explicitFileType = wrapper.application; includeInIndex = 0; path = TechtaGram2.app; sourceTree = BUILT_PRODUCTS_DIR; };
		5DBB70AE251B58CB0081013F /* AppDelegate.swift */ = {isa = PBXFileReference; lastKnownFileType = sourcecode.swift; path = AppDelegate.swift; sourceTree = "<group>"; };
		5DBB70B0251B58CB0081013F /* SceneDelegate.swift */ = {isa = PBXFileReference; lastKnownFileType = sourcecode.swift; path = SceneDelegate.swift; sourceTree = "<group>"; };
		5DBB70B2251B58CB0081013F /* ViewController.swift */ = {isa = PBXFileReference; lastKnownFileType = sourcecode.swift; path = ViewController.swift; sourceTree = "<group>"; };
		5DBB70B5251B58CB0081013F /* Base */ = {isa = PBXFileReference; lastKnownFileType = file.storyboard; name = Base; path = Base.lproj/Main.storyboard; sourceTree = "<group>"; };
		5DBB70B7251B58D50081013F /* Assets.xcassets */ = {isa = PBXFileReference; lastKnownFileType = folder.assetcatalog; path = Assets.xcassets; sourceTree = "<group>"; };
		5DBB70BA251B58D50081013F /* Base */ = {isa = PBXFileReference; lastKnownFileType = file.storyboard; name = Base; path = Base.lproj/LaunchScreen.storyboard; sourceTree = "<group>"; };
		5DBB70BC251B58D50081013F /* Info.plist */ = {isa = PBXFileReference; lastKnownFileType = text.plist.xml; path = Info.plist; sourceTree = "<group>"; };
		5DBB70C1251B58D50081013F /* TechtaGram2Tests.xctest */ = {isa = PBXFileReference; explicitFileType = wrapper.cfbundle; includeInIndex = 0; path = TechtaGram2Tests.xctest; sourceTree = BUILT_PRODUCTS_DIR; };
		5DBB70C5251B58D50081013F /* TechtaGram2Tests.swift */ = {isa = PBXFileReference; lastKnownFileType = sourcecode.swift; path = TechtaGram2Tests.swift; sourceTree = "<group>"; };
		5DBB70C7251B58D50081013F /* Info.plist */ = {isa = PBXFileReference; lastKnownFileType = text.plist.xml; path = Info.plist; sourceTree = "<group>"; };
		5DBB70CC251B58D50081013F /* TechtaGram2UITests.xctest */ = {isa = PBXFileReference; explicitFileType = wrapper.cfbundle; includeInIndex = 0; path = TechtaGram2UITests.xctest; sourceTree = BUILT_PRODUCTS_DIR; };
		5DBB70D0251B58D50081013F /* TechtaGram2UITests.swift */ = {isa = PBXFileReference; lastKnownFileType = sourcecode.swift; path = TechtaGram2UITests.swift; sourceTree = "<group>"; };
		5DBB70D2251B58D50081013F /* Info.plist */ = {isa = PBXFileReference; lastKnownFileType = text.plist.xml; path = Info.plist; sourceTree = "<group>"; };
/* End PBXFileReference section */

/* Begin PBXFrameworksBuildPhase section */
		5DBB70A8251B58CB0081013F /* Frameworks */ = {
			isa = PBXFrameworksBuildPhase;
			buildActionMask = 2147483647;
			files = (
			);
			runOnlyForDeploymentPostprocessing = 0;
		};
		5DBB70BE251B58D50081013F /* Frameworks */ = {
			isa = PBXFrameworksBuildPhase;
			buildActionMask = 2147483647;
			files = (
			);
			runOnlyForDeploymentPostprocessing = 0;
		};
		5DBB70C9251B58D50081013F /* Frameworks */ = {
			isa = PBXFrameworksBuildPhase;
			buildActionMask = 2147483647;
			files = (
			);
			runOnlyForDeploymentPostprocessing = 0;
		};
/* End PBXFrameworksBuildPhase section */

/* Begin PBXGroup section */
		5DBB70A2251B58CB0081013F = {
			isa = PBXGroup;
			children = (
				5DBB70AD251B58CB0081013F /* TechtaGram2 */,
				5DBB70C4251B58D50081013F /* TechtaGram2Tests */,
				5DBB70CF251B58D50081013F /* TechtaGram2UITests */,
				5DBB70AC251B58CB0081013F /* Products */,
			);
			sourceTree = "<group>";
		};
		5DBB70AC251B58CB0081013F /* Products */ = {
			isa = PBXGroup;
			children = (
				5DBB70AB251B58CB0081013F /* TechtaGram2.app */,
				5DBB70C1251B58D50081013F /* TechtaGram2Tests.xctest */,
				5DBB70CC251B58D50081013F /* TechtaGram2UITests.xctest */,
			);
			name = Products;
			sourceTree = "<group>";
		};
		5DBB70AD251B58CB0081013F /* TechtaGram2 */ = {
			isa = PBXGroup;
			children = (
				5DBB70AE251B58CB0081013F /* AppDelegate.swift */,
				5DBB70B0251B58CB0081013F /* SceneDelegate.swift */,
				5DBB70B2251B58CB0081013F /* ViewController.swift */,
				5DBB70B4251B58CB0081013F /* Main.storyboard */,
				5DBB70B7251B58D50081013F /* Assets.xcassets */,
				5DBB70B9251B58D50081013F /* LaunchScreen.storyboard */,
				5DBB70BC251B58D50081013F /* Info.plist */,
			);
			path = TechtaGram2;
			sourceTree = "<group>";
		};
		5DBB70C4251B58D50081013F /* TechtaGram2Tests */ = {
			isa = PBXGroup;
			children = (
				5DBB70C5251B58D50081013F /* TechtaGram2Tests.swift */,
				5DBB70C7251B58D50081013F /* Info.plist */,
			);
			path = TechtaGram2Tests;
			sourceTree = "<group>";
		};
		5DBB70CF251B58D50081013F /* TechtaGram2UITests */ = {
			isa = PBXGroup;
			children = (
				5DBB70D0251B58D50081013F /* TechtaGram2UITests.swift */,
				5DBB70D2251B58D50081013F /* Info.plist */,
			);
			path = TechtaGram2UITests;
			sourceTree = "<group>";
		};
/* End PBXGroup section */

/* Begin PBXNativeTarget section */
		5DBB70AA251B58CB0081013F /* TechtaGram2 */ = {
			isa = PBXNativeTarget;
			buildConfigurationList = 5DBB70D5251B58D50081013F /* Build configuration list for PBXNativeTarget "TechtaGram2" */;
			buildPhases = (
				5DBB70A7251B58CB0081013F /* Sources */,
				5DBB70A8251B58CB0081013F /* Frameworks */,
				5DBB70A9251B58CB0081013F /* Resources */,
			);
			buildRules = (
			);
			dependencies = (
			);
			name = TechtaGram2;
			productName = TechtaGram2;
			productReference = 5DBB70AB251B58CB0081013F /* TechtaGram2.app */;
			productType = "com.apple.product-type.application";
		};
		5DBB70C0251B58D50081013F /* TechtaGram2Tests */ = {
			isa = PBXNativeTarget;
			buildConfigurationList = 5DBB70D8251B58D50081013F /* Build configuration list for PBXNativeTarget "TechtaGram2Tests" */;
			buildPhases = (
				5DBB70BD251B58D50081013F /* Sources */,
				5DBB70BE251B58D50081013F /* Frameworks */,
				5DBB70BF251B58D50081013F /* Resources */,
			);
			buildRules = (
			);
			dependencies = (
				5DBB70C3251B58D50081013F /* PBXTargetDependency */,
			);
			name = TechtaGram2Tests;
			productName = TechtaGram2Tests;
			productReference = 5DBB70C1251B58D50081013F /* TechtaGram2Tests.xctest */;
			productType = "com.apple.product-type.bundle.unit-test";
		};
		5DBB70CB251B58D50081013F /* TechtaGram2UITests */ = {
			isa = PBXNativeTarget;
			buildConfigurationList = 5DBB70DB251B58D50081013F /* Build configuration list for PBXNativeTarget "TechtaGram2UITests" */;
			buildPhases = (
				5DBB70C8251B58D50081013F /* Sources */,
				5DBB70C9251B58D50081013F /* Frameworks */,
				5DBB70CA251B58D50081013F /* Resources */,
			);
			buildRules = (
			);
			dependencies = (
				5DBB70CE251B58D50081013F /* PBXTargetDependency */,
			);
			name = TechtaGram2UITests;
			productName = TechtaGram2UITests;
			productReference = 5DBB70CC251B58D50081013F /* TechtaGram2UITests.xctest */;
			productType = "com.apple.product-type.bundle.ui-testing";
		};
/* End PBXNativeTarget section */

/* Begin PBXProject section */
		5DBB70A3251B58CB0081013F /* Project object */ = {
			isa = PBXProject;
			attributes = {
				LastSwiftUpdateCheck = 1170;
				LastUpgradeCheck = 1170;
				ORGANIZATIONNAME = "Yamamoto Miu";
				TargetAttributes = {
					5DBB70AA251B58CB0081013F = {
						CreatedOnToolsVersion = 11.7;
					};
					5DBB70C0251B58D50081013F = {
						CreatedOnToolsVersion = 11.7;
						TestTargetID = 5DBB70AA251B58CB0081013F;
					};
					5DBB70CB251B58D50081013F = {
						CreatedOnToolsVersion = 11.7;
						TestTargetID = 5DBB70AA251B58CB0081013F;
					};
				};
			};
			buildConfigurationList = 5DBB70A6251B58CB0081013F /* Build configuration list for PBXProject "TechtaGram2" */;
			compatibilityVersion = "Xcode 9.3";
			developmentRegion = en;
			hasScannedForEncodings = 0;
			knownRegions = (
				en,
				Base,
			);
			mainGroup = 5DBB70A2251B58CB0081013F;
			productRefGroup = 5DBB70AC251B58CB0081013F /* Products */;
			projectDirPath = "";
			projectRoot = "";
			targets = (
				5DBB70AA251B58CB0081013F /* TechtaGram2 */,
				5DBB70C0251B58D50081013F /* TechtaGram2Tests */,
				5DBB70CB251B58D50081013F /* TechtaGram2UITests */,
			);
		};
/* End PBXProject section */

/* Begin PBXResourcesBuildPhase section */
		5DBB70A9251B58CB0081013F /* Resources */ = {
			isa = PBXResourcesBuildPhase;
			buildActionMask = 2147483647;
			files = (
				5DBB70BB251B58D50081013F /* LaunchScreen.storyboard in Resources */,
				5DBB70B8251B58D50081013F /* Assets.xcassets in Resources */,
				5DBB70B6251B58CB0081013F /* Main.storyboard in Resources */,
			);
			runOnlyForDeploymentPostprocessing = 0;
		};
		5DBB70BF251B58D50081013F /* Resources */ = {
			isa = PBXResourcesBuildPhase;
			buildActionMask = 2147483647;
			files = (
			);
			runOnlyForDeploymentPostprocessing = 0;
		};
		5DBB70CA251B58D50081013F /* Resources */ = {
			isa = PBXResourcesBuildPhase;
			buildActionMask = 2147483647;
			files = (
			);
			runOnlyForDeploymentPostprocessing = 0;
		};
/* End PBXResourcesBuildPhase section */

/* Begin PBXSourcesBuildPhase section */
		5DBB70A7251B58CB0081013F /* Sources */ = {
			isa = PBXSourcesBuildPhase;
			buildActionMask = 2147483647;
			files = (
				5DBB70B3251B58CB0081013F /* ViewController.swift in Sources */,
				5DBB70AF251B58CB0081013F /* AppDelegate.swift in Sources */,
				5DBB70B1251B58CB0081013F /* SceneDelegate.swift in Sources */,
			);
			runOnlyForDeploymentPostprocessing = 0;
		};
		5DBB70BD251B58D50081013F /* Sources */ = {
			isa = PBXSourcesBuildPhase;
			buildActionMask = 2147483647;
			files = (
				5DBB70C6251B58D50081013F /* TechtaGram2Tests.swift in Sources */,
			);
			runOnlyForDeploymentPostprocessing = 0;
		};
		5DBB70C8251B58D50081013F /* Sources */ = {
			isa = PBXSourcesBuildPhase;
			buildActionMask = 2147483647;
			files = (
				5DBB70D1251B58D50081013F /* TechtaGram2UITests.swift in Sources */,
			);
			runOnlyForDeploymentPostprocessing = 0;
		};
/* End PBXSourcesBuildPhase section */

/* Begin PBXTargetDependency section */
		5DBB70C3251B58D50081013F /* PBXTargetDependency */ = {
			isa = PBXTargetDependency;
			target = 5DBB70AA251B58CB0081013F /* TechtaGram2 */;
			targetProxy = 5DBB70C2251B58D50081013F /* PBXContainerItemProxy */;
		};
		5DBB70CE251B58D50081013F /* PBXTargetDependency */ = {
			isa = PBXTargetDependency;
			target = 5DBB70AA251B58CB0081013F /* TechtaGram2 */;
			targetProxy = 5DBB70CD251B58D50081013F /* PBXContainerItemProxy */;
		};
/* End PBXTargetDependency section */

/* Begin PBXVariantGroup section */
		5DBB70B4251B58CB0081013F /* Main.storyboard */ = {
			isa = PBXVariantGroup;
			children = (
				5DBB70B5251B58CB0081013F /* Base */,
			);
			name = Main.storyboard;
			sourceTree = "<group>";
		};
		5DBB70B9251B58D50081013F /* LaunchScreen.storyboard */ = {
			isa = PBXVariantGroup;
			children = (
				5DBB70BA251B58D50081013F /* Base */,
			);
			name = LaunchScreen.storyboard;
			sourceTree = "<group>";
		};
/* End PBXVariantGroup section */

/* Begin XCBuildConfiguration section */
		5DBB70D3251B58D50081013F /* Debug */ = {
			isa = XCBuildConfiguration;
			buildSettings = {
				ALWAYS_SEARCH_USER_PATHS = NO;
				CLANG_ANALYZER_NONNULL = YES;
				CLANG_ANALYZER_NUMBER_OBJECT_CONVERSION = YES_AGGRESSIVE;
				CLANG_CXX_LANGUAGE_STANDARD = "gnu++14";
				CLANG_CXX_LIBRARY = "libc++";
				CLANG_ENABLE_MODULES = YES;
				CLANG_ENABLE_OBJC_ARC = YES;
				CLANG_ENABLE_OBJC_WEAK = YES;
				CLANG_WARN_BLOCK_CAPTURE_AUTORELEASING = YES;
				CLANG_WARN_BOOL_CONVERSION = YES;
				CLANG_WARN_COMMA = YES;
				CLANG_WARN_CONSTANT_CONVERSION = YES;
				CLANG_WARN_DEPRECATED_OBJC_IMPLEMENTATIONS = YES;
				CLANG_WARN_DIRECT_OBJC_ISA_USAGE = YES_ERROR;
				CLANG_WARN_DOCUMENTATION_COMMENTS = YES;
				CLANG_WARN_EMPTY_BODY = YES;
				CLANG_WARN_ENUM_CONVERSION = YES;
				CLANG_WARN_INFINITE_RECURSION = YES;
				CLANG_WARN_INT_CONVERSION = YES;
				CLANG_WARN_NON_LITERAL_NULL_CONVERSION = YES;
				CLANG_WARN_OBJC_IMPLICIT_RETAIN_SELF = YES;
				CLANG_WARN_OBJC_LITERAL_CONVERSION = YES;
				CLANG_WARN_OBJC_ROOT_CLASS = YES_ERROR;
				CLANG_WARN_RANGE_LOOP_ANALYSIS = YES;
				CLANG_WARN_STRICT_PROTOTYPES = YES;
				CLANG_WARN_SUSPICIOUS_MOVE = YES;
				CLANG_WARN_UNGUARDED_AVAILABILITY = YES_AGGRESSIVE;
				CLANG_WARN_UNREACHABLE_CODE = YES;
				CLANG_WARN__DUPLICATE_METHOD_MATCH = YES;
				COPY_PHASE_STRIP = NO;
				DEBUG_INFORMATION_FORMAT = dwarf;
				ENABLE_STRICT_OBJC_MSGSEND = YES;
				ENABLE_TESTABILITY = YES;
				GCC_C_LANGUAGE_STANDARD = gnu11;
				GCC_DYNAMIC_NO_PIC = NO;
				GCC_NO_COMMON_BLOCKS = YES;
				GCC_OPTIMIZATION_LEVEL = 0;
				GCC_PREPROCESSOR_DEFINITIONS = (
					"DEBUG=1",
					"$(inherited)",
				);
				GCC_WARN_64_TO_32_BIT_CONVERSION = YES;
				GCC_WARN_ABOUT_RETURN_TYPE = YES_ERROR;
				GCC_WARN_UNDECLARED_SELECTOR = YES;
				GCC_WARN_UNINITIALIZED_AUTOS = YES_AGGRESSIVE;
				GCC_WARN_UNUSED_FUNCTION = YES;
				GCC_WARN_UNUSED_VARIABLE = YES;
				IPHONEOS_DEPLOYMENT_TARGET = 13.7;
				MTL_ENABLE_DEBUG_INFO = INCLUDE_SOURCE;
				MTL_FAST_MATH = YES;
				ONLY_ACTIVE_ARCH = YES;
				SDKROOT = iphoneos;
				SWIFT_ACTIVE_COMPILATION_CONDITIONS = DEBUG;
				SWIFT_OPTIMIZATION_LEVEL = "-Onone";
			};
			name = Debug;
		};
		5DBB70D4251B58D50081013F /* Release */ = {
			isa = XCBuildConfiguration;
			buildSettings = {
				ALWAYS_SEARCH_USER_PATHS = NO;
				CLANG_ANALYZER_NONNULL = YES;
				CLANG_ANALYZER_NUMBER_OBJECT_CONVERSION = YES_AGGRESSIVE;
				CLANG_CXX_LANGUAGE_STANDARD = "gnu++14";
				CLANG_CXX_LIBRARY = "libc++";
				CLANG_ENABLE_MODULES = YES;
				CLANG_ENABLE_OBJC_ARC = YES;
				CLANG_ENABLE_OBJC_WEAK = YES;
				CLANG_WARN_BLOCK_CAPTURE_AUTORELEASING = YES;
				CLANG_WARN_BOOL_CONVERSION = YES;
				CLANG_WARN_COMMA = YES;
				CLANG_WARN_CONSTANT_CONVERSION = YES;
				CLANG_WARN_DEPRECATED_OBJC_IMPLEMENTATIONS = YES;
				CLANG_WARN_DIRECT_OBJC_ISA_USAGE = YES_ERROR;
				CLANG_WARN_DOCUMENTATION_COMMENTS = YES;
				CLANG_WARN_EMPTY_BODY = YES;
				CLANG_WARN_ENUM_CONVERSION = YES;
				CLANG_WARN_INFINITE_RECURSION = YES;
				CLANG_WARN_INT_CONVERSION = YES;
				CLANG_WARN_NON_LITERAL_NULL_CONVERSION = YES;
				CLANG_WARN_OBJC_IMPLICIT_RETAIN_SELF = YES;
				CLANG_WARN_OBJC_LITERAL_CONVERSION = YES;
				CLANG_WARN_OBJC_ROOT_CLASS = YES_ERROR;
				CLANG_WARN_RANGE_LOOP_ANALYSIS = YES;
				CLANG_WARN_STRICT_PROTOTYPES = YES;
				CLANG_WARN_SUSPICIOUS_MOVE = YES;
				CLANG_WARN_UNGUARDED_AVAILABILITY = YES_AGGRESSIVE;
				CLANG_WARN_UNREACHABLE_CODE = YES;
				CLANG_WARN__DUPLICATE_METHOD_MATCH = YES;
				COPY_PHASE_STRIP = NO;
				DEBUG_INFORMATION_FORMAT = "dwarf-with-dsym";
				ENABLE_NS_ASSERTIONS = NO;
				ENABLE_STRICT_OBJC_MSGSEND = YES;
				GCC_C_LANGUAGE_STANDARD = gnu11;
				GCC_NO_COMMON_BLOCKS = YES;
				GCC_WARN_64_TO_32_BIT_CONVERSION = YES;
				GCC_WARN_ABOUT_RETURN_TYPE = YES_ERROR;
				GCC_WARN_UNDECLARED_SELECTOR = YES;
				GCC_WARN_UNINITIALIZED_AUTOS = YES_AGGRESSIVE;
				GCC_WARN_UNUSED_FUNCTION = YES;
				GCC_WARN_UNUSED_VARIABLE = YES;
				IPHONEOS_DEPLOYMENT_TARGET = 13.7;
				MTL_ENABLE_DEBUG_INFO = NO;
				MTL_FAST_MATH = YES;
				SDKROOT = iphoneos;
				SWIFT_COMPILATION_MODE = wholemodule;
				SWIFT_OPTIMIZATION_LEVEL = "-O";
				VALIDATE_PRODUCT = YES;
			};
			name = Release;
		};
		5DBB70D6251B58D50081013F /* Debug */ = {
			isa = XCBuildConfiguration;
			buildSettings = {
				ASSETCATALOG_COMPILER_APPICON_NAME = AppIcon;
				CODE_SIGN_STYLE = Automatic;
				DEVELOPMENT_TEAM = 928A48HV5B;
				INFOPLIST_FILE = TechtaGram2/Info.plist;
				LD_RUNPATH_SEARCH_PATHS = (
					"$(inherited)",
					"@executable_path/Frameworks",
				);
				PRODUCT_BUNDLE_IDENTIFIER = app.yamamoto.pochaco.TechtaGram2;
				PRODUCT_NAME = "$(TARGET_NAME)";
				SWIFT_VERSION = 5.0;
				TARGETED_DEVICE_FAMILY = "1,2";
			};
			name = Debug;
		};
		5DBB70D7251B58D50081013F /* Release */ = {
			isa = XCBuildConfiguration;
			buildSettings = {
				ASSETCATALOG_COMPILER_APPICON_NAME = AppIcon;
				CODE_SIGN_STYLE = Automatic;
				DEVELOPMENT_TEAM = 928A48HV5B;
				INFOPLIST_FILE = TechtaGram2/Info.plist;
				LD_RUNPATH_SEARCH_PATHS = (
					"$(inherited)",
					"@executable_path/Frameworks",
				);
				PRODUCT_BUNDLE_IDENTIFIER = app.yamamoto.pochaco.TechtaGram2;
				PRODUCT_NAME = "$(TARGET_NAME)";
				SWIFT_VERSION = 5.0;
				TARGETED_DEVICE_FAMILY = "1,2";
			};
			name = Release;
		};
		5DBB70D9251B58D50081013F /* Debug */ = {
			isa = XCBuildConfiguration;
			buildSettings = {
				ALWAYS_EMBED_SWIFT_STANDARD_LIBRARIES = YES;
				BUNDLE_LOADER = "$(TEST_HOST)";
				CODE_SIGN_STYLE = Automatic;
				INFOPLIST_FILE = TechtaGram2Tests/Info.plist;
				IPHONEOS_DEPLOYMENT_TARGET = 13.7;
				LD_RUNPATH_SEARCH_PATHS = (
					"$(inherited)",
					"@executable_path/Frameworks",
					"@loader_path/Frameworks",
				);
				PRODUCT_BUNDLE_IDENTIFIER = app.yamamoto.pochaco.TechtaGram2Tests;
				PRODUCT_NAME = "$(TARGET_NAME)";
				SWIFT_VERSION = 5.0;
				TARGETED_DEVICE_FAMILY = "1,2";
				TEST_HOST = "$(BUILT_PRODUCTS_DIR)/TechtaGram2.app/TechtaGram2";
			};
			name = Debug;
		};
		5DBB70DA251B58D50081013F /* Release */ = {
			isa = XCBuildConfiguration;
			buildSettings = {
				ALWAYS_EMBED_SWIFT_STANDARD_LIBRARIES = YES;
				BUNDLE_LOADER = "$(TEST_HOST)";
				CODE_SIGN_STYLE = Automatic;
				INFOPLIST_FILE = TechtaGram2Tests/Info.plist;
				IPHONEOS_DEPLOYMENT_TARGET = 13.7;
				LD_RUNPATH_SEARCH_PATHS = (
					"$(inherited)",
					"@executable_path/Frameworks",
					"@loader_path/Frameworks",
				);
				PRODUCT_BUNDLE_IDENTIFIER = app.yamamoto.pochaco.TechtaGram2Tests;
				PRODUCT_NAME = "$(TARGET_NAME)";
				SWIFT_VERSION = 5.0;
				TARGETED_DEVICE_FAMILY = "1,2";
				TEST_HOST = "$(BUILT_PRODUCTS_DIR)/TechtaGram2.app/TechtaGram2";
			};
			name = Release;
		};
		5DBB70DC251B58D50081013F /* Debug */ = {
			isa = XCBuildConfiguration;
			buildSettings = {
				ALWAYS_EMBED_SWIFT_STANDARD_LIBRARIES = YES;
				CODE_SIGN_STYLE = Automatic;
				INFOPLIST_FILE = TechtaGram2UITests/Info.plist;
				LD_RUNPATH_SEARCH_PATHS = (
					"$(inherited)",
					"@executable_path/Frameworks",
					"@loader_path/Frameworks",
				);
				PRODUCT_BUNDLE_IDENTIFIER = app.yamamoto.pochaco.TechtaGram2UITests;
				PRODUCT_NAME = "$(TARGET_NAME)";
				SWIFT_VERSION = 5.0;
				TARGETED_DEVICE_FAMILY = "1,2";
				TEST_TARGET_NAME = TechtaGram2;
			};
			name = Debug;
		};
		5DBB70DD251B58D50081013F /* Release */ = {
			isa = XCBuildConfiguration;
			buildSettings = {
				ALWAYS_EMBED_SWIFT_STANDARD_LIBRARIES = YES;
				CODE_SIGN_STYLE = Automatic;
				INFOPLIST_FILE = TechtaGram2UITests/Info.plist;
				LD_RUNPATH_SEARCH_PATHS = (
					"$(inherited)",
					"@executable_path/Frameworks",
					"@loader_path/Frameworks",
				);
				PRODUCT_BUNDLE_IDENTIFIER = app.yamamoto.pochaco.TechtaGram2UITests;
				PRODUCT_NAME = "$(TARGET_NAME)";
				SWIFT_VERSION = 5.0;
				TARGETED_DEVICE_FAMILY = "1,2";
				TEST_TARGET_NAME = TechtaGram2;
			};
			name = Release;
		};
/* End XCBuildConfiguration section */

/* Begin XCConfigurationList section */
		5DBB70A6251B58CB0081013F /* Build configuration list for PBXProject "TechtaGram2" */ = {
			isa = XCConfigurationList;
			buildConfigurations = (
				5DBB70D3251B58D50081013F /* Debug */,
				5DBB70D4251B58D50081013F /* Release */,
			);
			defaultConfigurationIsVisible = 0;
			defaultConfigurationName = Release;
		};
		5DBB70D5251B58D50081013F /* Build configuration list for PBXNativeTarget "TechtaGram2" */ = {
			isa = XCConfigurationList;
			buildConfigurations = (
				5DBB70D6251B58D50081013F /* Debug */,
				5DBB70D7251B58D50081013F /* Release */,
			);
			defaultConfigurationIsVisible = 0;
			defaultConfigurationName = Release;
		};
		5DBB70D8251B58D50081013F /* Build configuration list for PBXNativeTarget "TechtaGram2Tests" */ = {
			isa = XCConfigurationList;
			buildConfigurations = (
				5DBB70D9251B58D50081013F /* Debug */,
				5DBB70DA251B58D50081013F /* Release */,
			);
			defaultConfigurationIsVisible = 0;
			defaultConfigurationName = Release;
		};
		5DBB70DB251B58D50081013F /* Build configuration list for PBXNativeTarget "TechtaGram2UITests" */ = {
			isa = XCConfigurationList;
			buildConfigurations = (
				5DBB70DC251B58D50081013F /* Debug */,
				5DBB70DD251B58D50081013F /* Release */,
			);
			defaultConfigurationIsVisible = 0;
			defaultConfigurationName = Release;
		};
/* End XCConfigurationList section */
	};
	rootObject = 5DBB70A3251B58CB0081013F /* Project object */;
}
